
Microsoft Visual Studio Solution File, Format Version 12.00
# Visual Studio Version 17
VisualStudioVersion = 17.14.36518.9 d17.14
MinimumVisualStudioVersion = 10.0.40219.1
Project("{FAE04EC0-301F-11D3-BF4B-00C04F79EFBC}") = "ConsoleApp13", "ConsoleApp13\ConsoleApp13.csproj", "{466EF121-05B2-4FC9-87A8-6D09B9D510C0}"
EndProject
Global
	GlobalSection(SolutionConfigurationPlatforms) = preSolution
		Debug|Any CPU = Debug|Any CPU
		Release|Any CPU = Release|Any CPU
	EndGlobalSection
	GlobalSection(ProjectConfigurationPlatforms) = postSolution
		{466EF121-05B2-4FC9-87A8-6D09B9D510C0}.Debug|Any CPU.ActiveCfg = Debug|Any CPU
		{466EF121-05B2-4FC9-87A8-6D09B9D510C0}.Debug|Any CPU.Build.0 = Debug|Any CPU
		{466EF121-05B2-4FC9-87A8-6D09B9D510C0}.Release|Any CPU.ActiveCfg = Release|Any CPU
		{466EF121-05B2-4FC9-87A8-6D09B9D510C0}.Release|Any CPU.Build.0 = Release|Any CPU
	EndGlobalSection
	GlobalSection(SolutionProperties) = preSolution
		HideSolutionNode = FALSE
	EndGlobalSection
	GlobalSection(ExtensibilityGlobals) = postSolution
		SolutionGuid = {C58495F7-6755-4D66-9E14-C62CC0478235}
	EndGlobalSection
EndGlobal
